
Microsoft Visual Studio Solution File, Format Version 12.00
# Visual Studio Version 16
VisualStudioVersion = 16.0.30804.86
MinimumVisualStudioVersion = 10.0.40219.1
Project("{9A19103F-16F7-4668-BE54-9A1E7A4F7556}") = "MonitorInterface.Client", "MonitorInterface.Client\MonitorInterface.Client.csproj", "{D64BC9C1-925E-4A4E-82F5-96072845690F}"
EndProject
Project("{9A19103F-16F7-4668-BE54-9A1E7A4F7556}") = "RESTfulSense", "RESTfulSense\RESTfulSense\RESTfulSense.csproj", "{CBB776F5-19D1-46C6-B674-7F2B03640DDD}"
EndProject
Global
	GlobalSection(SolutionConfigurationPlatforms) = preSolution
		Debug|Any CPU = Debug|Any CPU
		Release|Any CPU = Release|Any CPU
	EndGlobalSection
	GlobalSection(ProjectConfigurationPlatforms) = postSolution
		{D64BC9C1-925E-4A4E-82F5-96072845690F}.Debug|Any CPU.ActiveCfg = Debug|Any CPU
		{D64BC9C1-925E-4A4E-82F5-96072845690F}.Debug|Any CPU.Build.0 = Debug|Any CPU
		{D64BC9C1-925E-4A4E-82F5-96072845690F}.Release|Any CPU.ActiveCfg = Release|Any CPU
		{D64BC9C1-925E-4A4E-82F5-96072845690F}.Release|Any CPU.Build.0 = Release|Any CPU
		{CBB776F5-19D1-46C6-B674-7F2B03640DDD}.Debug|Any CPU.ActiveCfg = Debug|Any CPU
		{CBB776F5-19D1-46C6-B674-7F2B03640DDD}.Debug|Any CPU.Build.0 = Debug|Any CPU
		{CBB776F5-19D1-46C6-B674-7F2B03640DDD}.Release|Any CPU.ActiveCfg = Release|Any CPU
		{CBB776F5-19D1-46C6-B674-7F2B03640DDD}.Release|Any CPU.Build.0 = Release|Any CPU
	EndGlobalSection
	GlobalSection(SolutionProperties) = preSolution
		HideSolutionNode = FALSE
	EndGlobalSection
	GlobalSection(ExtensibilityGlobals) = postSolution
		SolutionGuid = {C65A8488-F6F7-475D-BD65-5A0A5EF53F0C}
	EndGlobalSection
EndGlobal
